
Microsoft Visual Studio Solution File, Format Version 12.00
Project("{FAE04EC0-301F-11D3-BF4B-00C04F79EFBC}") = "Api", "Api.csproj", "{0FCB7EE1-ECD1-4B4D-AF98-B4BFE414F5E2}"
EndProject
Global
	GlobalSection(SolutionConfigurationPlatforms) = preSolution
		Debug|Any CPU = Debug|Any CPU
		Release|Any CPU = Release|Any CPU
	EndGlobalSection
	GlobalSection(ProjectConfigurationPlatforms) = postSolution
		{0FCB7EE1-ECD1-4B4D-AF98-B4BFE414F5E2}.Debug|Any CPU.ActiveCfg = Debug|Any CPU
		{0FCB7EE1-ECD1-4B4D-AF98-B4BFE414F5E2}.Debug|Any CPU.Build.0 = Debug|Any CPU
		{0FCB7EE1-ECD1-4B4D-AF98-B4BFE414F5E2}.Release|Any CPU.ActiveCfg = Release|Any CPU
		{0FCB7EE1-ECD1-4B4D-AF98-B4BFE414F5E2}.Release|Any CPU.Build.0 = Release|Any CPU
	EndGlobalSection
EndGlobal
